Microsoft Visual Studio Solution File, Format Version 12.00
# Visual Studio Version 17
VisualStudioVersion = 17.5.2.0
MinimumVisualStudioVersion = 10.0.40219.1
Project("{FAE04EC0-301F-11D3-BF4B-00C04F79EFBC}") = "MyBlazorApp", "MyBlazorApp\MyBlazorApp.csproj", "{EEC8A023-B0E5-DDD4-EC05-76B7E36D0C74}"
EndProject
Global
	GlobalSection(SolutionConfigurationPlatforms) = preSolution
		Debug|Any CPU = Debug|Any CPU
		Release|Any CPU = Release|Any CPU
	EndGlobalSection
	GlobalSection(ProjectConfigurationPlatforms) = postSolution
		{EEC8A023-B0E5-DDD4-EC05-76B7E36D0C74}.Debug|Any CPU.ActiveCfg = Debug|Any CPU
		{EEC8A023-B0E5-DDD4-EC05-76B7E36D0C74}.Debug|Any CPU.Build.0 = Debug|Any CPU
		{EEC8A023-B0E5-DDD4-EC05-76B7E36D0C74}.Release|Any CPU.ActiveCfg = Release|Any CPU
		{EEC8A023-B0E5-DDD4-EC05-76B7E36D0C74}.Release|Any CPU.Build.0 = Release|Any CPU
	EndGlobalSection
	GlobalSection(SolutionProperties) = preSolution
		HideSolutionNode = FALSE
	EndGlobalSection
	GlobalSection(ExtensibilityGlobals) = postSolution
		SolutionGuid = {DA576AF5-65EF-4610-AD6B-A26054BD6751}
	EndGlobalSection
EndGlobal
